{
    "_readme": [
        "This file locks the dependencies of your project to a known state",
        "Read more about it at https://getcomposer.org/doc/01-basic-usage.md#composer-lock-the-lock-file",
        "This file is @generated automatically"
    ],
    "content-hash": "b7725507539e3ce051292d6ed5851677",
    "packages": [
        {
            "name": "icanboogie/inflector",
            "version": "v1.4.0",
            "source": {
                "type": "git",
                "url": "https://github.com/ICanBoogie/Inflector.git",
                "reference": "e19c8df837fdafb3571df4fb94133bb69ccbce81"
            },
            "dist": {
                "type": "zip",
                "url": "https://api.github.com/repos/ICanBoogie/Inflector/zipball/e19c8df837fdafb3571df4fb94133bb69ccbce81",
                "reference": "e19c8df837fdafb3571df4fb94133bb69ccbce81",
                "shasum": ""
            },
            "require": {
                "ext-mbstring": "*",
                "php": ">=5.3.4"
            },
            "type": "library",
            "autoload": {
                "classmap": [
                    "lib/"
                ],
                "files": [
                    "lib/helpers.php"
                ]
            },
            "notification-url": "https://packagist.org/downloads/",
            "license": [
                "BSD-3-Clause"
            ],
            "authors": [
                {
                    "name": "Olivier Laviale",
                    "email": "olivier.laviale@gmail.com",
                    "homepage": "http://www.weirdog.com/",
                    "role": "Developer"
                }
            ],
            "description": "Multilingual inflector that transforms words from singular to plural, underscore to camel case, and more.",
            "homepage": "http://icanboogie.org/",
            "keywords": [
                "camelize",
                "hyphenate",
                "inflect",
                "multilingual",
                "pluralize",
                "singularize",
                "underscore"
            ],
            "time": "2015-11-03T11:03:27+00:00"
        },
        {
            "name": "microsoft/tolerant-php-parser",
            "version": "v0.0.3",
            "source": {
                "type": "git",
                "url": "https://github.com/Microsoft/tolerant-php-parser.git",
                "reference": "74854c6eb522c5a4301670b5efa4d466a2ba2f97"
            },
            "dist": {
                "type": "zip",
                "url": "https://api.github.com/repos/Microsoft/tolerant-php-parser/zipball/74854c6eb522c5a4301670b5efa4d466a2ba2f97",
                "reference": "74854c6eb522c5a4301670b5efa4d466a2ba2f97",
                "shasum": ""
            },
            "require": {
                "php": ">=7.0"
            },
            "require-dev": {
                "phpunit/phpunit": "^5.5"
            },
            "type": "library",
            "autoload": {
                "psr-4": {
                    "Microsoft\\PhpParser\\": [
                        "src/"
                    ]
                }
            },
            "notification-url": "https://packagist.org/downloads/",
            "license": [
                "MIT"
            ],
            "authors": [
                {
                    "name": "Rob Lourens",
                    "email": "roblou@microsoft.com"
                }
            ],
            "description": "Tolerant PHP-to-AST parser designed for IDE usage scenarios",
            "time": "2017-06-13T03:09:39+00:00"
        },
        {
            "name": "symfony/console",
            "version": "v2.7.6",
            "source": {
                "type": "git",
                "url": "https://github.com/symfony/console.git",
                "reference": "5efd632294c8320ea52492db22292ff853a43766"
            },
            "dist": {
                "type": "zip",
                "url": "https://api.github.com/repos/symfony/console/zipball/5efd632294c8320ea52492db22292ff853a43766",
                "reference": "5efd632294c8320ea52492db22292ff853a43766",
                "shasum": ""
            },
            "require": {
                "php": ">=5.3.9"
            },
            "require-dev": {
                "psr/log": "~1.0",
                "symfony/event-dispatcher": "~2.1",
                "symfony/process": "~2.1"
            },
            "suggest": {
                "psr/log": "For using the console logger",
                "symfony/event-dispatcher": "",
                "symfony/process": ""
            },
            "type": "library",
            "extra": {
                "branch-alias": {
                    "dev-master": "2.7-dev"
                }
            },
            "autoload": {
                "psr-4": {
                    "Symfony\\Component\\Console\\": ""
                }
            },
            "notification-url": "https://packagist.org/downloads/",
            "license": [
                "MIT"
            ],
            "authors": [
                {
                    "name": "Fabien Potencier",
                    "email": "fabien@symfony.com"
                },
                {
                    "name": "Symfony Community",
                    "homepage": "https://symfony.com/contributors"
                }
            ],
            "description": "Symfony Console Component",
            "homepage": "https://symfony.com",
            "time": "2015-10-20T14:38:46+00:00"
        }
    ],
    "packages-dev": [],
    "aliases": [],
    "minimum-stability": "stable",
    "stability-flags": [],
    "prefer-stable": false,
    "prefer-lowest": false,
    "platform": [],
    "platform-dev": []
}
